
Microsoft Visual Studio Solution File, Format Version 12.00
# Visual Studio Version 17
VisualStudioVersion = 17.2.32616.157
MinimumVisualStudioVersion = 10.0.40219.1
Project("{9A19103F-16F7-4668-BE54-9A1E7A4F7556}") = "API", "API\API.csproj", "{C06513CC-1656-4FBC-8B34-9EB2A157E554}"
EndProject
Project("{9A19103F-16F7-4668-BE54-9A1E7A4F7556}") = "Common", "Common\Common.csproj", "{B9B9ADFF-0DCA-407D-AA6B-FE4835D4E0F1}"
EndProject
Project("{9A19103F-16F7-4668-BE54-9A1E7A4F7556}") = "Service", "Service\Service.csproj", "{EAFCF31E-57A2-462A-8423-BD5C9CA5EBC0}"
EndProject
Project("{9A19103F-16F7-4668-BE54-9A1E7A4F7556}") = "Logic", "Logic\Logic.csproj", "{B525E5E2-27E2-45BF-8AAB-1F233964FAC4}"
EndProject
Project("{9A19103F-16F7-4668-BE54-9A1E7A4F7556}") = "Service.Tests", "Service.Tests\Service.Tests.csproj", "{C288B215-6758-4FE3-88FC-BA4C04567B9A}"
EndProject
Project("{FAE04EC0-301F-11D3-BF4B-00C04F79EFBC}") = "Logic.Tests", "Logic.Tests\Logic.Tests.csproj", "{7DADA327-A519-4EEB-B219-4594586C7678}"
EndProject
Project("{FAE04EC0-301F-11D3-BF4B-00C04F79EFBC}") = "Common.Tests", "Common.Tests\Common.Tests.csproj", "{087F1BD5-A8B8-4FE7-85B9-EBEB6D85FBB2}"
EndProject
Global
	GlobalSection(SolutionConfigurationPlatforms) = preSolution
		Debug|Any CPU = Debug|Any CPU
		Debug|ARM = Debug|ARM
		Debug|ARM64 = Debug|ARM64
		Debug|x64 = Debug|x64
		Debug|x86 = Debug|x86
		Release|Any CPU = Release|Any CPU
		Release|ARM = Release|ARM
		Release|ARM64 = Release|ARM64
		Release|x64 = Release|x64
		Release|x86 = Release|x86
	EndGlobalSection
	GlobalSection(ProjectConfigurationPlatforms) = postSolution
		{C06513CC-1656-4FBC-8B34-9EB2A157E554}.Debug|Any CPU.ActiveCfg = Debug|Any CPU
		{C06513CC-1656-4FBC-8B34-9EB2A157E554}.Debug|Any CPU.Build.0 = Debug|Any CPU
		{C06513CC-1656-4FBC-8B34-9EB2A157E554}.Debug|ARM.ActiveCfg = Debug|Any CPU
		{C06513CC-1656-4FBC-8B34-9EB2A157E554}.Debug|ARM.Build.0 = Debug|Any CPU
		{C06513CC-1656-4FBC-8B34-9EB2A157E554}.Debug|ARM64.ActiveCfg = Debug|Any CPU
		{C06513CC-1656-4FBC-8B34-9EB2A157E554}.Debug|ARM64.Build.0 = Debug|Any CPU
		{C06513CC-1656-4FBC-8B34-9EB2A157E554}.Debug|x64.ActiveCfg = Debug|Any CPU
		{C06513CC-1656-4FBC-8B34-9EB2A157E554}.Debug|x64.Build.0 = Debug|Any CPU
		{C06513CC-1656-4FBC-8B34-9EB2A157E554}.Debug|x86.ActiveCfg = Debug|Any CPU
		{C06513CC-1656-4FBC-8B34-9EB2A157E554}.Debug|x86.Build.0 = Debug|Any CPU
		{C06513CC-1656-4FBC-8B34-9EB2A157E554}.Release|Any CPU.ActiveCfg = Release|Any CPU
		{C06513CC-1656-4FBC-8B34-9EB2A157E554}.Release|Any CPU.Build.0 = Release|Any CPU
		{C06513CC-1656-4FBC-8B34-9EB2A157E554}.Release|ARM.ActiveCfg = Release|Any CPU
		{C06513CC-1656-4FBC-8B34-9EB2A157E554}.Release|ARM.Build.0 = Release|Any CPU
		{C06513CC-1656-4FBC-8B34-9EB2A157E554}.Release|ARM64.ActiveCfg = Release|Any CPU
		{C06513CC-1656-4FBC-8B34-9EB2A157E554}.Release|ARM64.Build.0 = Release|Any CPU
		{C06513CC-1656-4FBC-8B34-9EB2A157E554}.Release|x64.ActiveCfg = Release|Any CPU
		{C06513CC-1656-4FBC-8B34-9EB2A157E554}.Release|x64.Build.0 = Release|Any CPU
		{C06513CC-1656-4FBC-8B34-9EB2A157E554}.Release|x86.ActiveCfg = Release|Any CPU
		{C06513CC-1656-4FBC-8B34-9EB2A157E554}.Release|x86.Build.0 = Release|Any CPU
		{B9B9ADFF-0DCA-407D-AA6B-FE4835D4E0F1}.Debug|Any CPU.ActiveCfg = Debug|Any CPU
		{B9B9ADFF-0DCA-407D-AA6B-FE4835D4E0F1}.Debug|Any CPU.Build.0 = Debug|Any CPU
		{B9B9ADFF-0DCA-407D-AA6B-FE4835D4E0F1}.Debug|ARM.ActiveCfg = Debug|Any CPU
		{B9B9ADFF-0DCA-407D-AA6B-FE4835D4E0F1}.Debug|ARM.Build.0 = Debug|Any CPU
		{B9B9ADFF-0DCA-407D-AA6B-FE4835D4E0F1}.Debug|ARM64.ActiveCfg = Debug|Any CPU
		{B9B9ADFF-0DCA-407D-AA6B-FE4835D4E0F1}.Debug|ARM64.Build.0 = Debug|Any CPU
		{B9B9ADFF-0DCA-407D-AA6B-FE4835D4E0F1}.Debug|x64.ActiveCfg = Debug|Any CPU
		{B9B9ADFF-0DCA-407D-AA6B-FE4835D4E0F1}.Debug|x64.Build.0 = Debug|Any CPU
		{B9B9ADFF-0DCA-407D-AA6B-FE4835D4E0F1}.Debug|x86.ActiveCfg = Debug|Any CPU
		{B9B9ADFF-0DCA-407D-AA6B-FE4835D4E0F1}.Debug|x86.Build.0 = Debug|Any CPU
		{B9B9ADFF-0DCA-407D-AA6B-FE4835D4E0F1}.Release|Any CPU.ActiveCfg = Release|Any CPU
		{B9B9ADFF-0DCA-407D-AA6B-FE4835D4E0F1}.Release|Any CPU.Build.0 = Release|Any CPU
		{B9B9ADFF-0DCA-407D-AA6B-FE4835D4E0F1}.Release|ARM.ActiveCfg = Release|Any CPU
		{B9B9ADFF-0DCA-407D-AA6B-FE4835D4E0F1}.Release|ARM.Build.0 = Release|Any CPU
		{B9B9ADFF-0DCA-407D-AA6B-FE4835D4E0F1}.Release|ARM64.ActiveCfg = Release|Any CPU
		{B9B9ADFF-0DCA-407D-AA6B-FE4835D4E0F1}.Release|ARM64.Build.0 = Release|Any CPU
		{B9B9ADFF-0DCA-407D-AA6B-FE4835D4E0F1}.Release|x64.ActiveCfg = Release|Any CPU
		{B9B9ADFF-0DCA-407D-AA6B-FE4835D4E0F1}.Release|x64.Build.0 = Release|Any CPU
		{B9B9ADFF-0DCA-407D-AA6B-FE4835D4E0F1}.Release|x86.ActiveCfg = Release|Any CPU
		{B9B9ADFF-0DCA-407D-AA6B-FE4835D4E0F1}.Release|x86.Build.0 = Release|Any CPU
		{EAFCF31E-57A2-462A-8423-BD5C9CA5EBC0}.Debug|Any CPU.ActiveCfg = Debug|Any CPU
		{EAFCF31E-57A2-462A-8423-BD5C9CA5EBC0}.Debug|Any CPU.Build.0 = Debug|Any CPU
		{EAFCF31E-57A2-462A-8423-BD5C9CA5EBC0}.Debug|ARM.ActiveCfg = Debug|Any CPU
		{EAFCF31E-57A2-462A-8423-BD5C9CA5EBC0}.Debug|ARM.Build.0 = Debug|Any CPU
		{EAFCF31E-57A2-462A-8423-BD5C9CA5EBC0}.Debug|ARM64.ActiveCfg = Debug|Any CPU
		{EAFCF31E-57A2-462A-8423-BD5C9CA5EBC0}.Debug|ARM64.Build.0 = Debug|Any CPU
		{EAFCF31E-57A2-462A-8423-BD5C9CA5EBC0}.Debug|x64.ActiveCfg = Debug|Any CPU
		{EAFCF31E-57A2-462A-8423-BD5C9CA5EBC0}.Debug|x64.Build.0 = Debug|Any CPU
		{EAFCF31E-57A2-462A-8423-BD5C9CA5EBC0}.Debug|x86.ActiveCfg = Debug|Any CPU
		{EAFCF31E-57A2-462A-8423-BD5C9CA5EBC0}.Debug|x86.Build.0 = Debug|Any CPU
		{EAFCF31E-57A2-462A-8423-BD5C9CA5EBC0}.Release|Any CPU.ActiveCfg = Release|Any CPU
		{EAFCF31E-57A2-462A-8423-BD5C9CA5EBC0}.Release|Any CPU.Build.0 = Release|Any CPU
		{EAFCF31E-57A2-462A-8423-BD5C9CA5EBC0}.Release|ARM.ActiveCfg = Release|Any CPU
		{EAFCF31E-57A2-462A-8423-BD5C9CA5EBC0}.Release|ARM.Build.0 = Release|Any CPU
		{EAFCF31E-57A2-462A-8423-BD5C9CA5EBC0}.Release|ARM64.ActiveCfg = Release|Any CPU
		{EAFCF31E-57A2-462A-8423-BD5C9CA5EBC0}.Release|ARM64.Build.0 = Release|Any CPU
		{EAFCF31E-57A2-462A-8423-BD5C9CA5EBC0}.Release|x64.ActiveCfg = Release|Any CPU
		{EAFCF31E-57A2-462A-8423-BD5C9CA5EBC0}.Release|x64.Build.0 = Release|Any CPU
		{EAFCF31E-57A2-462A-8423-BD5C9CA5EBC0}.Release|x86.ActiveCfg = Release|Any CPU
		{EAFCF31E-57A2-462A-8423-BD5C9CA5EBC0}.Release|x86.Build.0 = Release|Any CPU
		{B525E5E2-27E2-45BF-8AAB-1F233964FAC4}.Debug|Any CPU.ActiveCfg = Debug|Any CPU
		{B525E5E2-27E2-45BF-8AAB-1F233964FAC4}.Debug|Any CPU.Build.0 = Debug|Any CPU
		{B525E5E2-27E2-45BF-8AAB-1F233964FAC4}.Debug|ARM.ActiveCfg = Debug|Any CPU
		{B525E5E2-27E2-45BF-8AAB-1F233964FAC4}.Debug|ARM.Build.0 = Debug|Any CPU
		{B525E5E2-27E2-45BF-8AAB-1F233964FAC4}.Debug|ARM64.ActiveCfg = Debug|Any CPU
		{B525E5E2-27E2-45BF-8AAB-1F233964FAC4}.Debug|ARM64.Build.0 = Debug|Any CPU
		{B525E5E2-27E2-45BF-8AAB-1F233964FAC4}.Debug|x64.ActiveCfg = Debug|Any CPU
		{B525E5E2-27E2-45BF-8AAB-1F233964FAC4}.Debug|x64.Build.0 = Debug|Any CPU
		{B525E5E2-27E2-45BF-8AAB-1F233964FAC4}.Debug|x86.ActiveCfg = Debug|Any CPU
		{B525E5E2-27E2-45BF-8AAB-1F233964FAC4}.Debug|x86.Build.0 = Debug|Any CPU
		{B525E5E2-27E2-45BF-8AAB-1F233964FAC4}.Release|Any CPU.ActiveCfg = Release|Any CPU
		{B525E5E2-27E2-45BF-8AAB-1F233964FAC4}.Release|Any CPU.Build.0 = Release|Any CPU
		{B525E5E2-27E2-45BF-8AAB-1F233964FAC4}.Release|ARM.ActiveCfg = Release|Any CPU
		{B525E5E2-27E2-45BF-8AAB-1F233964FAC4}.Release|ARM.Build.0 = Release|Any CPU
		{B525E5E2-27E2-45BF-8AAB-1F233964FAC4}.Release|ARM64.ActiveCfg = Release|Any CPU
		{B525E5E2-27E2-45BF-8AAB-1F233964FAC4}.Release|ARM64.Build.0 = Release|Any CPU
		{B525E5E2-27E2-45BF-8AAB-1F233964FAC4}.Release|x64.ActiveCfg = Release|Any CPU
		{B525E5E2-27E2-45BF-8AAB-1F233964FAC4}.Release|x64.Build.0 = Release|Any CPU
		{B525E5E2-27E2-45BF-8AAB-1F233964FAC4}.Release|x86.ActiveCfg = Release|Any CPU
		{B525E5E2-27E2-45BF-8AAB-1F233964FAC4}.Release|x86.Build.0 = Release|Any CPU
		{C288B215-6758-4FE3-88FC-BA4C04567B9A}.Debug|Any CPU.ActiveCfg = Debug|Any CPU
		{C288B215-6758-4FE3-88FC-BA4C04567B9A}.Debug|Any CPU.Build.0 = Debug|Any CPU
		{C288B215-6758-4FE3-88FC-BA4C04567B9A}.Debug|ARM.ActiveCfg = Debug|Any CPU
		{C288B215-6758-4FE3-88FC-BA4C04567B9A}.Debug|ARM.Build.0 = Debug|Any CPU
		{C288B215-6758-4FE3-88FC-BA4C04567B9A}.Debug|ARM64.ActiveCfg = Debug|Any CPU
		{C288B215-6758-4FE3-88FC-BA4C04567B9A}.Debug|ARM64.Build.0 = Debug|Any CPU
		{C288B215-6758-4FE3-88FC-BA4C04567B9A}.Debug|x64.ActiveCfg = Debug|Any CPU
		{C288B215-6758-4FE3-88FC-BA4C04567B9A}.Debug|x64.Build.0 = Debug|Any CPU
		{C288B215-6758-4FE3-88FC-BA4C04567B9A}.Debug|x86.ActiveCfg = Debug|Any CPU
		{C288B215-6758-4FE3-88FC-BA4C04567B9A}.Debug|x86.Build.0 = Debug|Any CPU
		{C288B215-6758-4FE3-88FC-BA4C04567B9A}.Release|Any CPU.ActiveCfg = Release|Any CPU
		{C288B215-6758-4FE3-88FC-BA4C04567B9A}.Release|Any CPU.Build.0 = Release|Any CPU
		{C288B215-6758-4FE3-88FC-BA4C04567B9A}.Release|ARM.ActiveCfg = Release|Any CPU
		{C288B215-6758-4FE3-88FC-BA4C04567B9A}.Release|ARM.Build.0 = Release|Any CPU
		{C288B215-6758-4FE3-88FC-BA4C04567B9A}.Release|ARM64.ActiveCfg = Release|Any CPU
		{C288B215-6758-4FE3-88FC-BA4C04567B9A}.Release|ARM64.Build.0 = Release|Any CPU
		{C288B215-6758-4FE3-88FC-BA4C04567B9A}.Release|x64.ActiveCfg = Release|Any CPU
		{C288B215-6758-4FE3-88FC-BA4C04567B9A}.Release|x64.Build.0 = Release|Any CPU
		{C288B215-6758-4FE3-88FC-BA4C04567B9A}.Release|x86.ActiveCfg = Release|Any CPU
		{C288B215-6758-4FE3-88FC-BA4C04567B9A}.Release|x86.Build.0 = Release|Any CPU
		{7DADA327-A519-4EEB-B219-4594586C7678}.Debug|Any CPU.ActiveCfg = Debug|Any CPU
		{7DADA327-A519-4EEB-B219-4594586C7678}.Debug|Any CPU.Build.0 = Debug|Any CPU
		{7DADA327-A519-4EEB-B219-4594586C7678}.Debug|ARM.ActiveCfg = Debug|Any CPU
		{7DADA327-A519-4EEB-B219-4594586C7678}.Debug|ARM.Build.0 = Debug|Any CPU
		{7DADA327-A519-4EEB-B219-4594586C7678}.Debug|ARM64.ActiveCfg = Debug|Any CPU
		{7DADA327-A519-4EEB-B219-4594586C7678}.Debug|ARM64.Build.0 = Debug|Any CPU
		{7DADA327-A519-4EEB-B219-4594586C7678}.Debug|x64.ActiveCfg = Debug|Any CPU
		{7DADA327-A519-4EEB-B219-4594586C7678}.Debug|x64.Build.0 = Debug|Any CPU
		{7DADA327-A519-4EEB-B219-4594586C7678}.Debug|x86.ActiveCfg = Debug|Any CPU
		{7DADA327-A519-4EEB-B219-4594586C7678}.Debug|x86.Build.0 = Debug|Any CPU
		{7DADA327-A519-4EEB-B219-4594586C7678}.Release|Any CPU.ActiveCfg = Release|Any CPU
		{7DADA327-A519-4EEB-B219-4594586C7678}.Release|Any CPU.Build.0 = Release|Any CPU
		{7DADA327-A519-4EEB-B219-4594586C7678}.Release|ARM.ActiveCfg = Release|Any CPU
		{7DADA327-A519-4EEB-B219-4594586C7678}.Release|ARM.Build.0 = Release|Any CPU
		{7DADA327-A519-4EEB-B219-4594586C7678}.Release|ARM64.ActiveCfg = Release|Any CPU
		{7DADA327-A519-4EEB-B219-4594586C7678}.Release|ARM64.Build.0 = Release|Any CPU
		{7DADA327-A519-4EEB-B219-4594586C7678}.Release|x64.ActiveCfg = Release|Any CPU
		{7DADA327-A519-4EEB-B219-4594586C7678}.Release|x64.Build.0 = Release|Any CPU
		{7DADA327-A519-4EEB-B219-4594586C7678}.Release|x86.ActiveCfg = Release|Any CPU
		{7DADA327-A519-4EEB-B219-4594586C7678}.Release|x86.Build.0 = Release|Any CPU
		{087F1BD5-A8B8-4FE7-85B9-EBEB6D85FBB2}.Debug|Any CPU.ActiveCfg = Debug|Any CPU
		{087F1BD5-A8B8-4FE7-85B9-EBEB6D85FBB2}.Debug|Any CPU.Build.0 = Debug|Any CPU
		{087F1BD5-A8B8-4FE7-85B9-EBEB6D85FBB2}.Debug|ARM.ActiveCfg = Debug|Any CPU
		{087F1BD5-A8B8-4FE7-85B9-EBEB6D85FBB2}.Debug|ARM.Build.0 = Debug|Any CPU
		{087F1BD5-A8B8-4FE7-85B9-EBEB6D85FBB2}.Debug|ARM64.ActiveCfg = Debug|Any CPU
		{087F1BD5-A8B8-4FE7-85B9-EBEB6D85FBB2}.Debug|ARM64.Build.0 = Debug|Any CPU
		{087F1BD5-A8B8-4FE7-85B9-EBEB6D85FBB2}.Debug|x64.ActiveCfg = Debug|Any CPU
		{087F1BD5-A8B8-4FE7-85B9-EBEB6D85FBB2}.Debug|x64.Build.0 = Debug|Any CPU
		{087F1BD5-A8B8-4FE7-85B9-EBEB6D85FBB2}.Debug|x86.ActiveCfg = Debug|Any CPU
		{087F1BD5-A8B8-4FE7-85B9-EBEB6D85FBB2}.Debug|x86.Build.0 = Debug|Any CPU
		{087F1BD5-A8B8-4FE7-85B9-EBEB6D85FBB2}.Release|Any CPU.ActiveCfg = Release|Any CPU
		{087F1BD5-A8B8-4FE7-85B9-EBEB6D85FBB2}.Release|Any CPU.Build.0 = Release|Any CPU
		{087F1BD5-A8B8-4FE7-85B9-EBEB6D85FBB2}.Release|ARM.ActiveCfg = Release|Any CPU
		{087F1BD5-A8B8-4FE7-85B9-EBEB6D85FBB2}.Release|ARM.Build.0 = Release|Any CPU
		{087F1BD5-A8B8-4FE7-85B9-EBEB6D85FBB2}.Release|ARM64.ActiveCfg = Release|Any CPU
		{087F1BD5-A8B8-4FE7-85B9-EBEB6D85FBB2}.Release|ARM64.Build.0 = Release|Any CPU
		{087F1BD5-A8B8-4FE7-85B9-EBEB6D85FBB2}.Release|x64.ActiveCfg = Release|Any CPU
		{087F1BD5-A8B8-4FE7-85B9-EBEB6D85FBB2}.Release|x64.Build.0 = Release|Any CPU
		{087F1BD5-A8B8-4FE7-85B9-EBEB6D85FBB2}.Release|x86.ActiveCfg = Release|Any CPU
		{087F1BD5-A8B8-4FE7-85B9-EBEB6D85FBB2}.Release|x86.Build.0 = Release|Any CPU
	EndGlobalSection
	GlobalSection(SolutionProperties) = preSolution
		HideSolutionNode = FALSE
	EndGlobalSection
	GlobalSection(ExtensibilityGlobals) = postSolution
		SolutionGuid = {3F8FE292-183C-4346-8A85-852E1D376969}
	EndGlobalSection
EndGlobal
